
Microsoft Visual Studio Solution File, Format Version 12.00
# Visual Studio Version 16
VisualStudioVersion = 16.0.31205.134
MinimumVisualStudioVersion = 10.0.40219.1
Project("{9A19103F-16F7-4668-BE54-9A1E7A4F7556}") = "RegistroVotantes.Api", "RegistroVotantes\RegistroVotantes.Api\RegistroVotantes.Api.csproj", "{514B854E-48F0-4E56-92FA-0E0AEB08860F}"
EndProject
Project("{9A19103F-16F7-4668-BE54-9A1E7A4F7556}") = "RegistroVotantes.Api.Tests", "RegistroVotantes\RegistroVotantes.Api.Tests\RegistroVotantes.Api.Tests.csproj", "{FB918B6D-426F-4BA7-8A93-A9267B5DB37E}"
EndProject
Project("{9A19103F-16F7-4668-BE54-9A1E7A4F7556}") = "RegistroVotantes.Domain", "RegistroVotantes\RegistroVotantes.Domain\RegistroVotantes.Domain.csproj", "{8E0EC94A-844E-416A-A65B-6D86CCE82E2C}"
EndProject
Project("{9A19103F-16F7-4668-BE54-9A1E7A4F7556}") = "RegistroVotantes.Domain.Tests", "RegistroVotantes\RegistroVotantes.Domain.Tests\RegistroVotantes.Domain.Tests.csproj", "{5F765B80-12E2-44F7-8959-85E8ADFA51E9}"
EndProject
Project("{9A19103F-16F7-4668-BE54-9A1E7A4F7556}") = "RegistroVotantes.Infrastructure", "RegistroVotantes\RegistroVotantes.Infrastructure\RegistroVotantes.Infrastructure.csproj", "{D44697BB-F60E-45EB-B7DF-1F73F356AC93}"
EndProject
Global
	GlobalSection(SolutionConfigurationPlatforms) = preSolution
		Debug|Any CPU = Debug|Any CPU
		Release|Any CPU = Release|Any CPU
	EndGlobalSection
	GlobalSection(ProjectConfigurationPlatforms) = postSolution
		{514B854E-48F0-4E56-92FA-0E0AEB08860F}.Debug|Any CPU.ActiveCfg = Debug|Any CPU
		{514B854E-48F0-4E56-92FA-0E0AEB08860F}.Debug|Any CPU.Build.0 = Debug|Any CPU
		{514B854E-48F0-4E56-92FA-0E0AEB08860F}.Release|Any CPU.ActiveCfg = Release|Any CPU
		{514B854E-48F0-4E56-92FA-0E0AEB08860F}.Release|Any CPU.Build.0 = Release|Any CPU
		{FB918B6D-426F-4BA7-8A93-A9267B5DB37E}.Debug|Any CPU.ActiveCfg = Debug|Any CPU
		{FB918B6D-426F-4BA7-8A93-A9267B5DB37E}.Debug|Any CPU.Build.0 = Debug|Any CPU
		{FB918B6D-426F-4BA7-8A93-A9267B5DB37E}.Release|Any CPU.ActiveCfg = Release|Any CPU
		{FB918B6D-426F-4BA7-8A93-A9267B5DB37E}.Release|Any CPU.Build.0 = Release|Any CPU
		{8E0EC94A-844E-416A-A65B-6D86CCE82E2C}.Debug|Any CPU.ActiveCfg = Debug|Any CPU
		{8E0EC94A-844E-416A-A65B-6D86CCE82E2C}.Debug|Any CPU.Build.0 = Debug|Any CPU
		{8E0EC94A-844E-416A-A65B-6D86CCE82E2C}.Release|Any CPU.ActiveCfg = Release|Any CPU
		{8E0EC94A-844E-416A-A65B-6D86CCE82E2C}.Release|Any CPU.Build.0 = Release|Any CPU
		{5F765B80-12E2-44F7-8959-85E8ADFA51E9}.Debug|Any CPU.ActiveCfg = Debug|Any CPU
		{5F765B80-12E2-44F7-8959-85E8ADFA51E9}.Debug|Any CPU.Build.0 = Debug|Any CPU
		{5F765B80-12E2-44F7-8959-85E8ADFA51E9}.Release|Any CPU.ActiveCfg = Release|Any CPU
		{5F765B80-12E2-44F7-8959-85E8ADFA51E9}.Release|Any CPU.Build.0 = Release|Any CPU
		{D44697BB-F60E-45EB-B7DF-1F73F356AC93}.Debug|Any CPU.ActiveCfg = Debug|Any CPU
		{D44697BB-F60E-45EB-B7DF-1F73F356AC93}.Debug|Any CPU.Build.0 = Debug|Any CPU
		{D44697BB-F60E-45EB-B7DF-1F73F356AC93}.Release|Any CPU.ActiveCfg = Release|Any CPU
		{D44697BB-F60E-45EB-B7DF-1F73F356AC93}.Release|Any CPU.Build.0 = Release|Any CPU
	EndGlobalSection
	GlobalSection(SolutionProperties) = preSolution
		HideSolutionNode = FALSE
	EndGlobalSection
	GlobalSection(ExtensibilityGlobals) = postSolution
		SolutionGuid = {EC4158B5-B838-4B28-9599-1EB7ACF75F52}
	EndGlobalSection
EndGlobal
